
Microsoft Visual Studio Solution File, Format Version 12.00
# Visual Studio 15
VisualStudioVersion = 15.0.26430.15
MinimumVisualStudioVersion = 10.0.40219.1
Project("{2150E333-8FDC-42A3-9474-1A3956D46DE8}") = "src", "src", "{15261DCA-3930-4030-B071-A5CA80311E13}"
EndProject
Project("{2150E333-8FDC-42A3-9474-1A3956D46DE8}") = "Solution Items", "Solution Items", "{E8D9DA4C-9A64-4850-9DC8-959B72DC117A}"
EndProject
Project("{9A19103F-16F7-4668-BE54-9A1E7A4F7556}") = "ConsoleApp1", "src\ConsoleApp1\ConsoleApp1.csproj", "{D503D8A7-6E2D-497B-A284-6FFE4DE0A86C}"
EndProject
Project("{FAE04EC0-301F-11D3-BF4B-00C04F79EFBC}") = "AwaitSync", "AwaitSync\AwaitSync.csproj", "{C1E042A8-CE5A-4FC2-9291-6559601E56EE}"
EndProject
Global
	GlobalSection(SolutionConfigurationPlatforms) = preSolution
		Debug|Any CPU = Debug|Any CPU
		Release|Any CPU = Release|Any CPU
	EndGlobalSection
	GlobalSection(ProjectConfigurationPlatforms) = postSolution
		{D503D8A7-6E2D-497B-A284-6FFE4DE0A86C}.Debug|Any CPU.ActiveCfg = Debug|Any CPU
		{D503D8A7-6E2D-497B-A284-6FFE4DE0A86C}.Debug|Any CPU.Build.0 = Debug|Any CPU
		{D503D8A7-6E2D-497B-A284-6FFE4DE0A86C}.Release|Any CPU.ActiveCfg = Release|Any CPU
		{D503D8A7-6E2D-497B-A284-6FFE4DE0A86C}.Release|Any CPU.Build.0 = Release|Any CPU
		{C1E042A8-CE5A-4FC2-9291-6559601E56EE}.Debug|Any CPU.ActiveCfg = Debug|Any CPU
		{C1E042A8-CE5A-4FC2-9291-6559601E56EE}.Debug|Any CPU.Build.0 = Debug|Any CPU
		{C1E042A8-CE5A-4FC2-9291-6559601E56EE}.Release|Any CPU.ActiveCfg = Release|Any CPU
		{C1E042A8-CE5A-4FC2-9291-6559601E56EE}.Release|Any CPU.Build.0 = Release|Any CPU
	EndGlobalSection
	GlobalSection(SolutionProperties) = preSolution
		HideSolutionNode = FALSE
	EndGlobalSection
	GlobalSection(NestedProjects) = preSolution
		{D503D8A7-6E2D-497B-A284-6FFE4DE0A86C} = {15261DCA-3930-4030-B071-A5CA80311E13}
		{C1E042A8-CE5A-4FC2-9291-6559601E56EE} = {15261DCA-3930-4030-B071-A5CA80311E13}
	EndGlobalSection
EndGlobal
